{"filter":false,"title":"package-lock.json","tooltip":"/package-lock.json","undoManager":{"mark":-1,"position":-1,"stack":[]},"ace":{"folds":[],"scrolltop":4312.2,"scrollleft":0,"selection":{"start":{"row":11,"column":28},"end":{"row":11,"column":28},"isBackwards":false},"options":{"guessTabSize":true,"useWrapMode":false,"wrapToView":true},"firstLineState":{"row":307,"state":"start","mode":"ace/mode/json"}},"timestamp":1730943796794,"hash":"0781dd6404bba2d730acb6041822077041dcaf27"}